
Microsoft Visual Studio Solution File, Format Version 12.00
# Visual Studio 2013
VisualStudioVersion = 12.0.20827.3
MinimumVisualStudioVersion = 10.0.40219.1
Project("{FAE04EC0-301F-11D3-BF4B-00C04F79EFBC}") = "Method1", "Method1\Method1.csproj", "{7AFC7808-D2F5-4312-827F-E5C0049F88D1}"
EndProject
Project("{FAE04EC0-301F-11D3-BF4B-00C04F79EFBC}") = "Method2", "Method2\Method2.csproj", "{E9DC6FFD-9DBD-400E-84B8-9D242F51B77C}"
EndProject
Project("{FAE04EC0-301F-11D3-BF4B-00C04F79EFBC}") = "Method3", "Method3\Method3.csproj", "{F9D353B4-E8DD-4AF6-886F-B3B4FD8BD601}"
EndProject
Global
	GlobalSection(SolutionConfigurationPlatforms) = preSolution
		Debug|Any CPU = Debug|Any CPU
		Release|Any CPU = Release|Any CPU
	EndGlobalSection
	GlobalSection(ProjectConfigurationPlatforms) = postSolution
		{7AFC7808-D2F5-4312-827F-E5C0049F88D1}.Debug|Any CPU.ActiveCfg = Debug|Any CPU
		{7AFC7808-D2F5-4312-827F-E5C0049F88D1}.Debug|Any CPU.Build.0 = Debug|Any CPU
		{7AFC7808-D2F5-4312-827F-E5C0049F88D1}.Release|Any CPU.ActiveCfg = Release|Any CPU
		{7AFC7808-D2F5-4312-827F-E5C0049F88D1}.Release|Any CPU.Build.0 = Release|Any CPU
		{E9DC6FFD-9DBD-400E-84B8-9D242F51B77C}.Debug|Any CPU.ActiveCfg = Debug|Any CPU
		{E9DC6FFD-9DBD-400E-84B8-9D242F51B77C}.Debug|Any CPU.Build.0 = Debug|Any CPU
		{E9DC6FFD-9DBD-400E-84B8-9D242F51B77C}.Release|Any CPU.ActiveCfg = Release|Any CPU
		{E9DC6FFD-9DBD-400E-84B8-9D242F51B77C}.Release|Any CPU.Build.0 = Release|Any CPU
		{F9D353B4-E8DD-4AF6-886F-B3B4FD8BD601}.Debug|Any CPU.ActiveCfg = Debug|Any CPU
		{F9D353B4-E8DD-4AF6-886F-B3B4FD8BD601}.Debug|Any CPU.Build.0 = Debug|Any CPU
		{F9D353B4-E8DD-4AF6-886F-B3B4FD8BD601}.Release|Any CPU.ActiveCfg = Release|Any CPU
		{F9D353B4-E8DD-4AF6-886F-B3B4FD8BD601}.Release|Any CPU.Build.0 = Release|Any CPU
	EndGlobalSection
	GlobalSection(SolutionProperties) = preSolution
		HideSolutionNode = FALSE
	EndGlobalSection
EndGlobal
